
Microsoft Visual Studio Solution File, Format Version 12.00
# Visual Studio Version 16
VisualStudioVersion = 16.0.31205.134
MinimumVisualStudioVersion = 10.0.40219.1
Project("{2150E333-8FDC-42A3-9474-1A3956D46DE8}") = "Services", "Services", "{39AA9761-45AF-4EBF-BE59-486D6435DB05}"
EndProject
Project("{2150E333-8FDC-42A3-9474-1A3956D46DE8}") = "Catalog", "Catalog", "{0D32CCBF-724C-4118-A510-4F7DD9B7F892}"
EndProject
Project("{9A19103F-16F7-4668-BE54-9A1E7A4F7556}") = "Catalog.API", "Services\Catalog\Catalog.API\Catalog.API.csproj", "{0723D4A9-2FD7-41B8-9F66-567726434751}"
EndProject
Project("{E53339B2-1760-4266-BCC7-CA923CBCF16C}") = "docker-compose", "docker-compose.dcproj", "{4D8DA8BA-F316-40EB-998D-57DBEA03FCC1}"
EndProject
Project("{2150E333-8FDC-42A3-9474-1A3956D46DE8}") = "Basket", "Basket", "{86D69F5B-FEAA-409C-B8A8-F9F7176497B6}"
EndProject
Project("{9A19103F-16F7-4668-BE54-9A1E7A4F7556}") = "Basket.API", "Services\Basket\Basket.API\Basket.API.csproj", "{C88E8A2D-F5AF-475A-AF38-8C93310C820E}"
EndProject
Project("{2150E333-8FDC-42A3-9474-1A3956D46DE8}") = "Discount", "Discount", "{16F00E85-F0F3-44C9-8E01-488FB4CC62D7}"
EndProject
Project("{9A19103F-16F7-4668-BE54-9A1E7A4F7556}") = "Discount.API", "Services\Discount\Discount.API\Discount.API.csproj", "{C51B4111-B886-4025-8DB1-9DE5C28A4A60}"
EndProject
Project("{9A19103F-16F7-4668-BE54-9A1E7A4F7556}") = "Discount.Grpc", "Services\Discount\Discount.Grpc\Discount.Grpc.csproj", "{23653287-85FD-4D72-AD6B-FB12A0499819}"
EndProject
Global
	GlobalSection(SolutionConfigurationPlatforms) = preSolution
		Debug|Any CPU = Debug|Any CPU
		Release|Any CPU = Release|Any CPU
	EndGlobalSection
	GlobalSection(ProjectConfigurationPlatforms) = postSolution
		{0723D4A9-2FD7-41B8-9F66-567726434751}.Debug|Any CPU.ActiveCfg = Debug|Any CPU
		{0723D4A9-2FD7-41B8-9F66-567726434751}.Debug|Any CPU.Build.0 = Debug|Any CPU
		{0723D4A9-2FD7-41B8-9F66-567726434751}.Release|Any CPU.ActiveCfg = Release|Any CPU
		{0723D4A9-2FD7-41B8-9F66-567726434751}.Release|Any CPU.Build.0 = Release|Any CPU
		{4D8DA8BA-F316-40EB-998D-57DBEA03FCC1}.Debug|Any CPU.ActiveCfg = Debug|Any CPU
		{4D8DA8BA-F316-40EB-998D-57DBEA03FCC1}.Debug|Any CPU.Build.0 = Debug|Any CPU
		{4D8DA8BA-F316-40EB-998D-57DBEA03FCC1}.Release|Any CPU.ActiveCfg = Release|Any CPU
		{4D8DA8BA-F316-40EB-998D-57DBEA03FCC1}.Release|Any CPU.Build.0 = Release|Any CPU
		{C88E8A2D-F5AF-475A-AF38-8C93310C820E}.Debug|Any CPU.ActiveCfg = Debug|Any CPU
		{C88E8A2D-F5AF-475A-AF38-8C93310C820E}.Debug|Any CPU.Build.0 = Debug|Any CPU
		{C88E8A2D-F5AF-475A-AF38-8C93310C820E}.Release|Any CPU.ActiveCfg = Release|Any CPU
		{C88E8A2D-F5AF-475A-AF38-8C93310C820E}.Release|Any CPU.Build.0 = Release|Any CPU
		{C51B4111-B886-4025-8DB1-9DE5C28A4A60}.Debug|Any CPU.ActiveCfg = Debug|Any CPU
		{C51B4111-B886-4025-8DB1-9DE5C28A4A60}.Debug|Any CPU.Build.0 = Debug|Any CPU
		{C51B4111-B886-4025-8DB1-9DE5C28A4A60}.Release|Any CPU.ActiveCfg = Release|Any CPU
		{C51B4111-B886-4025-8DB1-9DE5C28A4A60}.Release|Any CPU.Build.0 = Release|Any CPU
		{23653287-85FD-4D72-AD6B-FB12A0499819}.Debug|Any CPU.ActiveCfg = Debug|Any CPU
		{23653287-85FD-4D72-AD6B-FB12A0499819}.Debug|Any CPU.Build.0 = Debug|Any CPU
		{23653287-85FD-4D72-AD6B-FB12A0499819}.Release|Any CPU.ActiveCfg = Release|Any CPU
		{23653287-85FD-4D72-AD6B-FB12A0499819}.Release|Any CPU.Build.0 = Release|Any CPU
	EndGlobalSection
	GlobalSection(SolutionProperties) = preSolution
		HideSolutionNode = FALSE
	EndGlobalSection
	GlobalSection(NestedProjects) = preSolution
		{0D32CCBF-724C-4118-A510-4F7DD9B7F892} = {39AA9761-45AF-4EBF-BE59-486D6435DB05}
		{0723D4A9-2FD7-41B8-9F66-567726434751} = {0D32CCBF-724C-4118-A510-4F7DD9B7F892}
		{86D69F5B-FEAA-409C-B8A8-F9F7176497B6} = {39AA9761-45AF-4EBF-BE59-486D6435DB05}
		{C88E8A2D-F5AF-475A-AF38-8C93310C820E} = {86D69F5B-FEAA-409C-B8A8-F9F7176497B6}
		{16F00E85-F0F3-44C9-8E01-488FB4CC62D7} = {39AA9761-45AF-4EBF-BE59-486D6435DB05}
		{C51B4111-B886-4025-8DB1-9DE5C28A4A60} = {16F00E85-F0F3-44C9-8E01-488FB4CC62D7}
		{23653287-85FD-4D72-AD6B-FB12A0499819} = {16F00E85-F0F3-44C9-8E01-488FB4CC62D7}
	EndGlobalSection
	GlobalSection(ExtensibilityGlobals) = postSolution
		SolutionGuid = {1D1406AD-829F-409E-AACD-7B82877F3DFE}
	EndGlobalSection
EndGlobal
